
Microsoft Visual Studio Solution File, Format Version 12.00
# Visual Studio Version 17
VisualStudioVersion = 17.5.33402.96
MinimumVisualStudioVersion = 10.0.40219.1
Project("{2150E333-8FDC-42A3-9474-1A3956D46DE8}") = "Source", "Source", "{A8A3DE63-EB31-493C-8D60-D2FF1281B485}"
EndProject
Project("{2150E333-8FDC-42A3-9474-1A3956D46DE8}") = "Solution Items", "Solution Items", "{5E445700-DF82-4B5C-BB14-4300E4EDD7E5}"
	ProjectSection(SolutionItems) = preProject
		.editorconfig = .editorconfig
		.filenesting.json = .filenesting.json
		.config\dotnet-tools.json = .config\dotnet-tools.json
	EndProjectSection
EndProject
Project("{2150E333-8FDC-42A3-9474-1A3956D46DE8}") = "Client", "Client", "{7B3A161C-E264-424D-86D0-FD8566B7770D}"
EndProject
Project("{2150E333-8FDC-42A3-9474-1A3956D46DE8}") = "Server", "Server", "{27896012-D1E8-4689-B386-EB85977A26B6}"
EndProject
Project("{2150E333-8FDC-42A3-9474-1A3956D46DE8}") = "EntryPoints", "EntryPoints", "{C64054E7-2D29-4BD1-AA22-0CF885114ACC}"
EndProject
Project("{2150E333-8FDC-42A3-9474-1A3956D46DE8}") = "EntryPoints", "EntryPoints", "{578CA9EA-7265-4C05-A9EF-365AC16CE81E}"
EndProject
Project("{9A19103F-16F7-4668-BE54-9A1E7A4F7556}") = "Client.EntryPoints.Pwa", "src\Client\EntryPoints\Client.EntryPoints.Pwa\Client.EntryPoints.Pwa.csproj", "{07C14B3C-E511-44A3-A732-8A160504B6E2}"
EndProject
Project("{9A19103F-16F7-4668-BE54-9A1E7A4F7556}") = "Client.Core", "src\Client\Client.Core\Client.Core.csproj", "{2D34544D-0477-4968-B805-5671856457A7}"
EndProject
Project("{9A19103F-16F7-4668-BE54-9A1E7A4F7556}") = "Client.EntryPoints.Maui", "src\Client\EntryPoints\Client.EntryPoints.Maui\Client.EntryPoints.Maui.csproj", "{12097FA9-401A-462A-B3F8-83143E3B65FA}"
EndProject
Project("{9A19103F-16F7-4668-BE54-9A1E7A4F7556}") = "UI", "src\UI\UI.csproj", "{FAF49BC9-F8D6-4FB4-BE2B-CB6B0DAC483D}"
EndProject
Project("{9A19103F-16F7-4668-BE54-9A1E7A4F7556}") = "Common", "src\Common\Common.csproj", "{FAC342D5-FC40-4248-8168-C8C66128C6BC}"
EndProject
Project("{FAE04EC0-301F-11D3-BF4B-00C04F79EFBC}") = "Server.Core", "src\Server\Server.Core\Server.Core.csproj", "{847F5D9A-8517-4253-A70C-66E6B5A0A560}"
EndProject
Project("{FAE04EC0-301F-11D3-BF4B-00C04F79EFBC}") = "Server.EntryPoints.WebApi", "src\Server\EntryPoints\Server.EntryPoints.WebApi\Server.EntryPoints.WebApi.csproj", "{2851E93D-3CCB-48C1-BE18-BA07B5238200}"
EndProject
Global
	GlobalSection(SolutionConfigurationPlatforms) = preSolution
		Debug|Any CPU = Debug|Any CPU
		Release|Any CPU = Release|Any CPU
	EndGlobalSection
	GlobalSection(ProjectConfigurationPlatforms) = postSolution
		{07C14B3C-E511-44A3-A732-8A160504B6E2}.Debug|Any CPU.ActiveCfg = Debug|Any CPU
		{07C14B3C-E511-44A3-A732-8A160504B6E2}.Debug|Any CPU.Build.0 = Debug|Any CPU
		{07C14B3C-E511-44A3-A732-8A160504B6E2}.Release|Any CPU.ActiveCfg = Release|Any CPU
		{07C14B3C-E511-44A3-A732-8A160504B6E2}.Release|Any CPU.Build.0 = Release|Any CPU
		{2D34544D-0477-4968-B805-5671856457A7}.Debug|Any CPU.ActiveCfg = Debug|Any CPU
		{2D34544D-0477-4968-B805-5671856457A7}.Debug|Any CPU.Build.0 = Debug|Any CPU
		{2D34544D-0477-4968-B805-5671856457A7}.Release|Any CPU.ActiveCfg = Release|Any CPU
		{2D34544D-0477-4968-B805-5671856457A7}.Release|Any CPU.Build.0 = Release|Any CPU
		{12097FA9-401A-462A-B3F8-83143E3B65FA}.Debug|Any CPU.ActiveCfg = Debug|Any CPU
		{12097FA9-401A-462A-B3F8-83143E3B65FA}.Debug|Any CPU.Build.0 = Debug|Any CPU
		{12097FA9-401A-462A-B3F8-83143E3B65FA}.Debug|Any CPU.Deploy.0 = Debug|Any CPU
		{12097FA9-401A-462A-B3F8-83143E3B65FA}.Release|Any CPU.ActiveCfg = Release|Any CPU
		{12097FA9-401A-462A-B3F8-83143E3B65FA}.Release|Any CPU.Build.0 = Release|Any CPU
		{12097FA9-401A-462A-B3F8-83143E3B65FA}.Release|Any CPU.Deploy.0 = Release|Any CPU
		{FAF49BC9-F8D6-4FB4-BE2B-CB6B0DAC483D}.Debug|Any CPU.ActiveCfg = Debug|Any CPU
		{FAF49BC9-F8D6-4FB4-BE2B-CB6B0DAC483D}.Debug|Any CPU.Build.0 = Debug|Any CPU
		{FAF49BC9-F8D6-4FB4-BE2B-CB6B0DAC483D}.Release|Any CPU.ActiveCfg = Release|Any CPU
		{FAF49BC9-F8D6-4FB4-BE2B-CB6B0DAC483D}.Release|Any CPU.Build.0 = Release|Any CPU
		{FAC342D5-FC40-4248-8168-C8C66128C6BC}.Debug|Any CPU.ActiveCfg = Debug|Any CPU
		{FAC342D5-FC40-4248-8168-C8C66128C6BC}.Debug|Any CPU.Build.0 = Debug|Any CPU
		{FAC342D5-FC40-4248-8168-C8C66128C6BC}.Release|Any CPU.ActiveCfg = Release|Any CPU
		{FAC342D5-FC40-4248-8168-C8C66128C6BC}.Release|Any CPU.Build.0 = Release|Any CPU
		{847F5D9A-8517-4253-A70C-66E6B5A0A560}.Debug|Any CPU.ActiveCfg = Debug|Any CPU
		{847F5D9A-8517-4253-A70C-66E6B5A0A560}.Debug|Any CPU.Build.0 = Debug|Any CPU
		{847F5D9A-8517-4253-A70C-66E6B5A0A560}.Release|Any CPU.ActiveCfg = Release|Any CPU
		{847F5D9A-8517-4253-A70C-66E6B5A0A560}.Release|Any CPU.Build.0 = Release|Any CPU
		{2851E93D-3CCB-48C1-BE18-BA07B5238200}.Debug|Any CPU.ActiveCfg = Debug|Any CPU
		{2851E93D-3CCB-48C1-BE18-BA07B5238200}.Debug|Any CPU.Build.0 = Debug|Any CPU
		{2851E93D-3CCB-48C1-BE18-BA07B5238200}.Release|Any CPU.ActiveCfg = Release|Any CPU
		{2851E93D-3CCB-48C1-BE18-BA07B5238200}.Release|Any CPU.Build.0 = Release|Any CPU
	EndGlobalSection
	GlobalSection(SolutionProperties) = preSolution
		HideSolutionNode = FALSE
	EndGlobalSection
	GlobalSection(NestedProjects) = preSolution
		{7B3A161C-E264-424D-86D0-FD8566B7770D} = {A8A3DE63-EB31-493C-8D60-D2FF1281B485}
		{27896012-D1E8-4689-B386-EB85977A26B6} = {A8A3DE63-EB31-493C-8D60-D2FF1281B485}
		{C64054E7-2D29-4BD1-AA22-0CF885114ACC} = {7B3A161C-E264-424D-86D0-FD8566B7770D}
		{578CA9EA-7265-4C05-A9EF-365AC16CE81E} = {27896012-D1E8-4689-B386-EB85977A26B6}
		{07C14B3C-E511-44A3-A732-8A160504B6E2} = {C64054E7-2D29-4BD1-AA22-0CF885114ACC}
		{2D34544D-0477-4968-B805-5671856457A7} = {7B3A161C-E264-424D-86D0-FD8566B7770D}
		{12097FA9-401A-462A-B3F8-83143E3B65FA} = {C64054E7-2D29-4BD1-AA22-0CF885114ACC}
		{FAF49BC9-F8D6-4FB4-BE2B-CB6B0DAC483D} = {A8A3DE63-EB31-493C-8D60-D2FF1281B485}
		{FAC342D5-FC40-4248-8168-C8C66128C6BC} = {A8A3DE63-EB31-493C-8D60-D2FF1281B485}
		{847F5D9A-8517-4253-A70C-66E6B5A0A560} = {27896012-D1E8-4689-B386-EB85977A26B6}
		{2851E93D-3CCB-48C1-BE18-BA07B5238200} = {578CA9EA-7265-4C05-A9EF-365AC16CE81E}
	EndGlobalSection
	GlobalSection(ExtensibilityGlobals) = postSolution
		SolutionGuid = {9D495A91-180C-48EB-B9CB-2FAEA0288925}
	EndGlobalSection
EndGlobal
